
Microsoft Visual Studio Solution File, Format Version 12.00
# Visual Studio Version 16
VisualStudioVersion = 16.0.30907.101
MinimumVisualStudioVersion = 10.0.40219.1
Project("{FAE04EC0-301F-11D3-BF4B-00C04F79EFBC}") = "MvcMovie", "MvcMovie\MvcMovie.csproj", "{5C518A3B-D689-48D6-9724-DF4B87C00101}"
EndProject
Global
	GlobalSection(SolutionConfigurationPlatforms) = preSolution
		Debug|Any CPU = Debug|Any CPU
		Release|Any CPU = Release|Any CPU
	EndGlobalSection
	GlobalSection(ProjectConfigurationPlatforms) = postSolution
		{5C518A3B-D689-48D6-9724-DF4B87C00101}.Debug|Any CPU.ActiveCfg = Debug|Any CPU
		{5C518A3B-D689-48D6-9724-DF4B87C00101}.Debug|Any CPU.Build.0 = Debug|Any CPU
		{5C518A3B-D689-48D6-9724-DF4B87C00101}.Release|Any CPU.ActiveCfg = Release|Any CPU
		{5C518A3B-D689-48D6-9724-DF4B87C00101}.Release|Any CPU.Build.0 = Release|Any CPU
	EndGlobalSection
	GlobalSection(SolutionProperties) = preSolution
		HideSolutionNode = FALSE
	EndGlobalSection
	GlobalSection(ExtensibilityGlobals) = postSolution
		SolutionGuid = {ADCD2D20-5CDC-4A88-A436-0D4A0AF2F7E3}
	EndGlobalSection
EndGlobal
